
Microsoft Visual Studio Solution File, Format Version 12.00
# Visual Studio Version 16
VisualStudioVersion = 16.0.31005.135
MinimumVisualStudioVersion = 10.0.40219.1
Project("{9A19103F-16F7-4668-BE54-9A1E7A4F7556}") = "TestREST", "TestREST.csproj", "{7B221D4B-D431-4776-B003-025729F1CDE2}"
EndProject
Global
	GlobalSection(SolutionConfigurationPlatforms) = preSolution
		Debug|Any CPU = Debug|Any CPU
		Release|Any CPU = Release|Any CPU
	EndGlobalSection
	GlobalSection(ProjectConfigurationPlatforms) = postSolution
		{7B221D4B-D431-4776-B003-025729F1CDE2}.Debug|Any CPU.ActiveCfg = Debug|Any CPU
		{7B221D4B-D431-4776-B003-025729F1CDE2}.Debug|Any CPU.Build.0 = Debug|Any CPU
		{7B221D4B-D431-4776-B003-025729F1CDE2}.Release|Any CPU.ActiveCfg = Release|Any CPU
		{7B221D4B-D431-4776-B003-025729F1CDE2}.Release|Any CPU.Build.0 = Release|Any CPU
	EndGlobalSection
	GlobalSection(SolutionProperties) = preSolution
		HideSolutionNode = FALSE
	EndGlobalSection
	GlobalSection(ExtensibilityGlobals) = postSolution
		SolutionGuid = {8FF676B7-820C-4813-A53E-97BEA5E8979F}
	EndGlobalSection
EndGlobal
